// !$*UTF8*$!
{
	archiveVersion = 1;
	classes = {
	};
	objectVersion = 52;
	objects = {

/* Begin PBXBuildFile section */
		982F197625B01E3200383DA6 /* TestFunc.swift in Sources */ = {isa = PBXBuildFile; fileRef = 982F197525B01E3200383DA6 /* TestFunc.swift */; };
		982F197A25B0454800383DA6 /* CodeScanner in Frameworks */ = {isa = PBXBuildFile; productRef = 982F197925B0454800383DA6 /* CodeScanner */; };
		982F197E25B045B400383DA6 /* ReadQRcode.swift in Sources */ = {isa = PBXBuildFile; fileRef = 982F197D25B045B400383DA6 /* ReadQRcode.swift */; };
		9849B56E25AC182F00302749 /* template1.html in Resources */ = {isa = PBXBuildFile; fileRef = 9849B56D25AC182E00302749 /* template1.html */; };
		9849B57225AC259A00302749 /* javascript1.swift in Sources */ = {isa = PBXBuildFile; fileRef = 9849B57125AC259A00302749 /* javascript1.swift */; };
		9887996B25B16FF200278F64 /* Path.swift in Sources */ = {isa = PBXBuildFile; fileRef = 9887996A25B16FF200278F64 /* Path.swift */; };
		98C6665A259A1ADD0056D2A8 /* FrontNativeApp.swift in Sources */ = {isa = PBXBuildFile; fileRef = 98C66659259A1ADD0056D2A8 /* FrontNativeApp.swift */; };
		98C6665C259A1ADD0056D2A8 /* ContentView.swift in Sources */ = {isa = PBXBuildFile; fileRef = 98C6665B259A1ADD0056D2A8 /* ContentView.swift */; };
		98C6665E259A1AE50056D2A8 /* Assets.xcassets in Resources */ = {isa = PBXBuildFile; fileRef = 98C6665D259A1AE50056D2A8 /* Assets.xcassets */; };
		98C66661259A1AE50056D2A8 /* Preview Assets.xcassets in Resources */ = {isa = PBXBuildFile; fileRef = 98C66660259A1AE50056D2A8 /* Preview Assets.xcassets */; };
		98C6666B259A1BD40056D2A8 /* folders.swift in Sources */ = {isa = PBXBuildFile; fileRef = 98C6666A259A1BD40056D2A8 /* folders.swift */; };
		98C66670259A1D240056D2A8 /* AllFolders.swift in Sources */ = {isa = PBXBuildFile; fileRef = 98C6666F259A1D240056D2A8 /* AllFolders.swift */; };
		98C66675259A23140056D2A8 /* Header.swift in Sources */ = {isa = PBXBuildFile; fileRef = 98C66674259A23140056D2A8 /* Header.swift */; };
		98C6667A259A25C80056D2A8 /* FolderListComponent.swift in Sources */ = {isa = PBXBuildFile; fileRef = 98C66679259A25C80056D2A8 /* FolderListComponent.swift */; };
		98C6667F259AF1C20056D2A8 /* AllFiles.swift in Sources */ = {isa = PBXBuildFile; fileRef = 98C6667E259AF1C20056D2A8 /* AllFiles.swift */; };
		98C66683259AF1F30056D2A8 /* FileListComponent.swift in Sources */ = {isa = PBXBuildFile; fileRef = 98C66682259AF1F30056D2A8 /* FileListComponent.swift */; };
		98C66689259AF54F0056D2A8 /* FloatingBtn.swift in Sources */ = {isa = PBXBuildFile; fileRef = 98C66688259AF54F0056D2A8 /* FloatingBtn.swift */; };
		98C6668C259B04980056D2A8 /* HandlePDFfiles.swift in Sources */ = {isa = PBXBuildFile; fileRef = 98C6668B259B04980056D2A8 /* HandlePDFfiles.swift */; };
		98C66691259B1D5A0056D2A8 /* Eraser.swift in Sources */ = {isa = PBXBuildFile; fileRef = 98C66690259B1D5A0056D2A8 /* Eraser.swift */; };
		98C66694259B23F60056D2A8 /* DrawTools.swift in Sources */ = {isa = PBXBuildFile; fileRef = 98C66693259B23F60056D2A8 /* DrawTools.swift */; };
		98C66698259B2CC60056D2A8 /* FileView.swift in Sources */ = {isa = PBXBuildFile; fileRef = 98C66697259B2CC60056D2A8 /* FileView.swift */; };
		98C6669C259B51EA0056D2A8 /* Document.pdf in Resources */ = {isa = PBXBuildFile; fileRef = 98C6669B259B51E90056D2A8 /* Document.pdf */; };
		98C6669F259B5ACE0056D2A8 /* NextBackBtn.swift in Sources */ = {isa = PBXBuildFile; fileRef = 98C6669E259B5ACE0056D2A8 /* NextBackBtn.swift */; };
		98C666A325A3141E0056D2A8 /* NonSelectablePDFView.swift in Sources */ = {isa = PBXBuildFile; fileRef = 98C666A225A3141C0056D2A8 /* NonSelectablePDFView.swift */; };
		98C666A725A314990056D2A8 /* DrawingAnnotation.swift in Sources */ = {isa = PBXBuildFile; fileRef = 98C666A625A314990056D2A8 /* DrawingAnnotation.swift */; };
		98C666AA25A315170056D2A8 /* DrawingGestureRecognizer.swift in Sources */ = {isa = PBXBuildFile; fileRef = 98C666A925A315170056D2A8 /* DrawingGestureRecognizer.swift */; };
		98C666AE25A319120056D2A8 /* PDFDrawer.swift in Sources */ = {isa = PBXBuildFile; fileRef = 98C666AD25A319120056D2A8 /* PDFDrawer.swift */; };
		98C666B325A336E00056D2A8 /* PDFAnnotationWithPath.swift in Sources */ = {isa = PBXBuildFile; fileRef = 98C666B225A336E00056D2A8 /* PDFAnnotationWithPath.swift */; };
		98C666B725A337250056D2A8 /* PDFPage+Selection.swift in Sources */ = {isa = PBXBuildFile; fileRef = 98C666B625A337250056D2A8 /* PDFPage+Selection.swift */; };
		98C666BA25A3376D0056D2A8 /* UIBezierPath+.swift in Sources */ = {isa = PBXBuildFile; fileRef = 98C666B925A3376C0056D2A8 /* UIBezierPath+.swift */; };
/* End PBXBuildFile section */

/* Begin PBXFileReference section */
		982F197525B01E3200383DA6 /* TestFunc.swift */ = {isa = PBXFileReference; lastKnownFileType = sourcecode.swift; path = TestFunc.swift; sourceTree = "<group>"; };
		982F197D25B045B400383DA6 /* ReadQRcode.swift */ = {isa = PBXFileReference; lastKnownFileType = sourcecode.swift; path = ReadQRcode.swift; sourceTree = "<group>"; };
		9849B56D25AC182E00302749 /* template1.html */ = {isa = PBXFileReference; fileEncoding = 4; lastKnownFileType = text.html; path = template1.html; sourceTree = "<group>"; };
		9849B57125AC259A00302749 /* javascript1.swift */ = {isa = PBXFileReference; lastKnownFileType = sourcecode.swift; path = javascript1.swift; sourceTree = "<group>"; };
		9887996A25B16FF200278F64 /* Path.swift */ = {isa = PBXFileReference; lastKnownFileType = sourcecode.swift; path = Path.swift; sourceTree = "<group>"; };
		98C66656259A1ADD0056D2A8 /* FrontNative.app */ = {isa = PBXFileReference; explicitFileType = wrapper.application; includeInIndex = 0; path = FrontNative.app; sourceTree = BUILT_PRODUCTS_DIR; };
		98C66659259A1ADD0056D2A8 /* FrontNativeApp.swift */ = {isa = PBXFileReference; lastKnownFileType = sourcecode.swift; path = FrontNativeApp.swift; sourceTree = "<group>"; };
		98C6665B259A1ADD0056D2A8 /* ContentView.swift */ = {isa = PBXFileReference; lastKnownFileType = sourcecode.swift; path = ContentView.swift; sourceTree = "<group>"; };
		98C6665D259A1AE50056D2A8 /* Assets.xcassets */ = {isa = PBXFileReference; lastKnownFileType = folder.assetcatalog; path = Assets.xcassets; sourceTree = "<group>"; };
		98C66660259A1AE50056D2A8 /* Preview Assets.xcassets */ = {isa = PBXFileReference; lastKnownFileType = folder.assetcatalog; path = "Preview Assets.xcassets"; sourceTree = "<group>"; };
		98C66662259A1AE50056D2A8 /* Info.plist */ = {isa = PBXFileReference; lastKnownFileType = text.plist.xml; path = Info.plist; sourceTree = "<group>"; };
		98C6666A259A1BD40056D2A8 /* folders.swift */ = {isa = PBXFileReference; lastKnownFileType = sourcecode.swift; path = folders.swift; sourceTree = "<group>"; };
		98C6666F259A1D240056D2A8 /* AllFolders.swift */ = {isa = PBXFileReference; lastKnownFileType = sourcecode.swift; path = AllFolders.swift; sourceTree = "<group>"; };
		98C66674259A23140056D2A8 /* Header.swift */ = {isa = PBXFileReference; lastKnownFileType = sourcecode.swift; path = Header.swift; sourceTree = "<group>"; };
		98C66679259A25C80056D2A8 /* FolderListComponent.swift */ = {isa = PBXFileReference; lastKnownFileType = sourcecode.swift; path = FolderListComponent.swift; sourceTree = "<group>"; };
		98C6667E259AF1C20056D2A8 /* AllFiles.swift */ = {isa = PBXFileReference; lastKnownFileType = sourcecode.swift; path = AllFiles.swift; sourceTree = "<group>"; };
		98C66682259AF1F30056D2A8 /* FileListComponent.swift */ = {isa = PBXFileReference; lastKnownFileType = sourcecode.swift; path = FileListComponent.swift; sourceTree = "<group>"; };
		98C66688259AF54F0056D2A8 /* FloatingBtn.swift */ = {isa = PBXFileReference; lastKnownFileType = sourcecode.swift; path = FloatingBtn.swift; sourceTree = "<group>"; };
		98C6668B259B04980056D2A8 /* HandlePDFfiles.swift */ = {isa = PBXFileReference; lastKnownFileType = sourcecode.swift; path = HandlePDFfiles.swift; sourceTree = "<group>"; };
		98C66690259B1D5A0056D2A8 /* Eraser.swift */ = {isa = PBXFileReference; lastKnownFileType = sourcecode.swift; path = Eraser.swift; sourceTree = "<group>"; };
		98C66693259B23F60056D2A8 /* DrawTools.swift */ = {isa = PBXFileReference; lastKnownFileType = sourcecode.swift; path = DrawTools.swift; sourceTree = "<group>"; };
		98C66697259B2CC60056D2A8 /* FileView.swift */ = {isa = PBXFileReference; lastKnownFileType = sourcecode.swift; path = FileView.swift; sourceTree = "<group>"; };
		98C6669B259B51E90056D2A8 /* Document.pdf */ = {isa = PBXFileReference; lastKnownFileType = image.pdf; path = Document.pdf; sourceTree = "<group>"; };
		98C6669E259B5ACE0056D2A8 /* NextBackBtn.swift */ = {isa = PBXFileReference; lastKnownFileType = sourcecode.swift; path = NextBackBtn.swift; sourceTree = "<group>"; };
		98C666A225A3141C0056D2A8 /* NonSelectablePDFView.swift */ = {isa = PBXFileReference; lastKnownFileType = sourcecode.swift; path = NonSelectablePDFView.swift; sourceTree = "<group>"; };
		98C666A625A314990056D2A8 /* DrawingAnnotation.swift */ = {isa = PBXFileReference; lastKnownFileType = sourcecode.swift; path = DrawingAnnotation.swift; sourceTree = "<group>"; };
		98C666A925A315170056D2A8 /* DrawingGestureRecognizer.swift */ = {isa = PBXFileReference; lastKnownFileType = sourcecode.swift; path = DrawingGestureRecognizer.swift; sourceTree = "<group>"; };
		98C666AD25A319120056D2A8 /* PDFDrawer.swift */ = {isa = PBXFileReference; lastKnownFileType = sourcecode.swift; path = PDFDrawer.swift; sourceTree = "<group>"; };
		98C666B225A336E00056D2A8 /* PDFAnnotationWithPath.swift */ = {isa = PBXFileReference; lastKnownFileType = sourcecode.swift; path = PDFAnnotationWithPath.swift; sourceTree = "<group>"; };
		98C666B625A337250056D2A8 /* PDFPage+Selection.swift */ = {isa = PBXFileReference; lastKnownFileType = sourcecode.swift; path = "PDFPage+Selection.swift"; sourceTree = "<group>"; };
		98C666B925A3376C0056D2A8 /* UIBezierPath+.swift */ = {isa = PBXFileReference; lastKnownFileType = sourcecode.swift; path = "UIBezierPath+.swift"; sourceTree = "<group>"; };
/* End PBXFileReference section */

/* Begin PBXFrameworksBuildPhase section */
		98C66653259A1ADD0056D2A8 /* Frameworks */ = {
			isa = PBXFrameworksBuildPhase;
			buildActionMask = 2147483647;
			files = (
				982F197A25B0454800383DA6 /* CodeScanner in Frameworks */,
			);
			runOnlyForDeploymentPostprocessing = 0;
		};
/* End PBXFrameworksBuildPhase section */

/* Begin PBXGroup section */
		982F197C25B0457400383DA6 /* QRcodeComponents */ = {
			isa = PBXGroup;
			children = (
				982F197D25B045B400383DA6 /* ReadQRcode.swift */,
			);
			path = QRcodeComponents;
			sourceTree = "<group>";
		};
		98C6664D259A1ADD0056D2A8 = {
			isa = PBXGroup;
			children = (
				98C66658259A1ADD0056D2A8 /* FrontNative */,
				98C66657259A1ADD0056D2A8 /* Products */,
			);
			sourceTree = "<group>";
		};
		98C66657259A1ADD0056D2A8 /* Products */ = {
			isa = PBXGroup;
			children = (
				98C66656259A1ADD0056D2A8 /* FrontNative.app */,
			);
			name = Products;
			sourceTree = "<group>";
		};
		98C66658259A1ADD0056D2A8 /* FrontNative */ = {
			isa = PBXGroup;
			children = (
				982F197C25B0457400383DA6 /* QRcodeComponents */,
				98C666A125A313DA0056D2A8 /* PDFClasses */,
				98C6669A259B519C0056D2A8 /* Resources */,
				98C6668E259B04BD0056D2A8 /* HandlePDFComponents */,
				98C66686259AF4E40056D2A8 /* OtherComponents */,
				98C66681259AF1CE0056D2A8 /* FileComponents */,
				98C66673259A22EA0056D2A8 /* FolderComponents */,
				98C6666E259A1D020056D2A8 /* Views */,
				98C66669259A1BB10056D2A8 /* Models */,
				98C66659259A1ADD0056D2A8 /* FrontNativeApp.swift */,
				98C6665B259A1ADD0056D2A8 /* ContentView.swift */,
				98C6665D259A1AE50056D2A8 /* Assets.xcassets */,
				98C66662259A1AE50056D2A8 /* Info.plist */,
				98C6665F259A1AE50056D2A8 /* Preview Content */,
			);
			path = FrontNative;
			sourceTree = "<group>";
		};
		98C6665F259A1AE50056D2A8 /* Preview Content */ = {
			isa = PBXGroup;
			children = (
				98C66660259A1AE50056D2A8 /* Preview Assets.xcassets */,
			);
			path = "Preview Content";
			sourceTree = "<group>";
		};
		98C66669259A1BB10056D2A8 /* Models */ = {
			isa = PBXGroup;
			children = (
				98C6666A259A1BD40056D2A8 /* folders.swift */,
				9887996A25B16FF200278F64 /* Path.swift */,
			);
			path = Models;
			sourceTree = "<group>";
		};
		98C6666E259A1D020056D2A8 /* Views */ = {
			isa = PBXGroup;
			children = (
				98C6666F259A1D240056D2A8 /* AllFolders.swift */,
				98C6667E259AF1C20056D2A8 /* AllFiles.swift */,
				98C6668B259B04980056D2A8 /* HandlePDFfiles.swift */,
				982F197525B01E3200383DA6 /* TestFunc.swift */,
			);
			path = Views;
			sourceTree = "<group>";
		};
		98C66673259A22EA0056D2A8 /* FolderComponents */ = {
			isa = PBXGroup;
			children = (
				98C66674259A23140056D2A8 /* Header.swift */,
				98C66679259A25C80056D2A8 /* FolderListComponent.swift */,
			);
			path = FolderComponents;
			sourceTree = "<group>";
		};
		98C66681259AF1CE0056D2A8 /* FileComponents */ = {
			isa = PBXGroup;
			children = (
				98C66682259AF1F30056D2A8 /* FileListComponent.swift */,
			);
			path = FileComponents;
			sourceTree = "<group>";
		};
		98C66686259AF4E40056D2A8 /* OtherComponents */ = {
			isa = PBXGroup;
			children = (
				98C66688259AF54F0056D2A8 /* FloatingBtn.swift */,
				98C66690259B1D5A0056D2A8 /* Eraser.swift */,
			);
			path = OtherComponents;
			sourceTree = "<group>";
		};
		98C6668E259B04BD0056D2A8 /* HandlePDFComponents */ = {
			isa = PBXGroup;
			children = (
				98C66693259B23F60056D2A8 /* DrawTools.swift */,
				98C66697259B2CC60056D2A8 /* FileView.swift */,
				98C6669E259B5ACE0056D2A8 /* NextBackBtn.swift */,
			);
			path = HandlePDFComponents;
			sourceTree = "<group>";
		};
		98C6669A259B519C0056D2A8 /* Resources */ = {
			isa = PBXGroup;
			children = (
				9849B56D25AC182E00302749 /* template1.html */,
				98C6669B259B51E90056D2A8 /* Document.pdf */,
				9849B57125AC259A00302749 /* javascript1.swift */,
			);
			path = Resources;
			sourceTree = "<group>";
		};
		98C666A125A313DA0056D2A8 /* PDFClasses */ = {
			isa = PBXGroup;
			children = (
				98C666A225A3141C0056D2A8 /* NonSelectablePDFView.swift */,
				98C666A925A315170056D2A8 /* DrawingGestureRecognizer.swift */,
				98C666A625A314990056D2A8 /* DrawingAnnotation.swift */,
				98C666AD25A319120056D2A8 /* PDFDrawer.swift */,
				98C666B225A336E00056D2A8 /* PDFAnnotationWithPath.swift */,
				98C666B625A337250056D2A8 /* PDFPage+Selection.swift */,
				98C666B925A3376C0056D2A8 /* UIBezierPath+.swift */,
			);
			path = PDFClasses;
			sourceTree = "<group>";
		};
/* End PBXGroup section */

/* Begin PBXNativeTarget section */
		98C66655259A1ADD0056D2A8 /* FrontNative */ = {
			isa = PBXNativeTarget;
			buildConfigurationList = 98C66665259A1AE50056D2A8 /* Build configuration list for PBXNativeTarget "FrontNative" */;
			buildPhases = (
				98C66652259A1ADD0056D2A8 /* Sources */,
				98C66653259A1ADD0056D2A8 /* Frameworks */,
				98C66654259A1ADD0056D2A8 /* Resources */,
			);
			buildRules = (
			);
			dependencies = (
			);
			name = FrontNative;
			packageProductDependencies = (
				982F197925B0454800383DA6 /* CodeScanner */,
			);
			productName = FrontNative;
			productReference = 98C66656259A1ADD0056D2A8 /* FrontNative.app */;
			productType = "com.apple.product-type.application";
		};
/* End PBXNativeTarget section */

/* Begin PBXProject section */
		98C6664E259A1ADD0056D2A8 /* Project object */ = {
			isa = PBXProject;
			attributes = {
				LastSwiftUpdateCheck = 1230;
				LastUpgradeCheck = 1230;
				TargetAttributes = {
					98C66655259A1ADD0056D2A8 = {
						CreatedOnToolsVersion = 12.3;
					};
				};
			};
			buildConfigurationList = 98C66651259A1ADD0056D2A8 /* Build configuration list for PBXProject "FrontNative" */;
			compatibilityVersion = "Xcode 9.3";
			developmentRegion = en;
			hasScannedForEncodings = 0;
			knownRegions = (
				en,
				Base,
			);
			mainGroup = 98C6664D259A1ADD0056D2A8;
			packageReferences = (
				982F197825B0454800383DA6 /* XCRemoteSwiftPackageReference "CodeScanner" */,
			);
			productRefGroup = 98C66657259A1ADD0056D2A8 /* Products */;
			projectDirPath = "";
			projectRoot = "";
			targets = (
				98C66655259A1ADD0056D2A8 /* FrontNative */,
			);
		};
/* End PBXProject section */

/* Begin PBXResourcesBuildPhase section */
		98C66654259A1ADD0056D2A8 /* Resources */ = {
			isa = PBXResourcesBuildPhase;
			buildActionMask = 2147483647;
			files = (
				98C66661259A1AE50056D2A8 /* Preview Assets.xcassets in Resources */,
				9849B56E25AC182F00302749 /* template1.html in Resources */,
				98C6665E259A1AE50056D2A8 /* Assets.xcassets in Resources */,
				98C6669C259B51EA0056D2A8 /* Document.pdf in Resources */,
			);
			runOnlyForDeploymentPostprocessing = 0;
		};
/* End PBXResourcesBuildPhase section */

/* Begin PBXSourcesBuildPhase section */
		98C66652259A1ADD0056D2A8 /* Sources */ = {
			isa = PBXSourcesBuildPhase;
			buildActionMask = 2147483647;
			files = (
				98C6669F259B5ACE0056D2A8 /* NextBackBtn.swift in Sources */,
				98C6666B259A1BD40056D2A8 /* folders.swift in Sources */,
				98C66698259B2CC60056D2A8 /* FileView.swift in Sources */,
				98C66694259B23F60056D2A8 /* DrawTools.swift in Sources */,
				98C66683259AF1F30056D2A8 /* FileListComponent.swift in Sources */,
				982F197E25B045B400383DA6 /* ReadQRcode.swift in Sources */,
				98C666BA25A3376D0056D2A8 /* UIBezierPath+.swift in Sources */,
				98C6668C259B04980056D2A8 /* HandlePDFfiles.swift in Sources */,
				98C6667F259AF1C20056D2A8 /* AllFiles.swift in Sources */,
				982F197625B01E3200383DA6 /* TestFunc.swift in Sources */,
				98C66675259A23140056D2A8 /* Header.swift in Sources */,
				98C666AA25A315170056D2A8 /* DrawingGestureRecognizer.swift in Sources */,
				98C66691259B1D5A0056D2A8 /* Eraser.swift in Sources */,
				98C666B725A337250056D2A8 /* PDFPage+Selection.swift in Sources */,
				98C666B325A336E00056D2A8 /* PDFAnnotationWithPath.swift in Sources */,
				98C666A725A314990056D2A8 /* DrawingAnnotation.swift in Sources */,
				98C66689259AF54F0056D2A8 /* FloatingBtn.swift in Sources */,
				98C6665C259A1ADD0056D2A8 /* ContentView.swift in Sources */,
				98C6665A259A1ADD0056D2A8 /* FrontNativeApp.swift in Sources */,
				98C66670259A1D240056D2A8 /* AllFolders.swift in Sources */,
				9849B57225AC259A00302749 /* javascript1.swift in Sources */,
				98C666AE25A319120056D2A8 /* PDFDrawer.swift in Sources */,
				98C6667A259A25C80056D2A8 /* FolderListComponent.swift in Sources */,
				9887996B25B16FF200278F64 /* Path.swift in Sources */,
				98C666A325A3141E0056D2A8 /* NonSelectablePDFView.swift in Sources */,
			);
			runOnlyForDeploymentPostprocessing = 0;
		};
/* End PBXSourcesBuildPhase section */

/* Begin XCBuildConfiguration section */
		98C66663259A1AE50056D2A8 /* Debug */ = {
			isa = XCBuildConfiguration;
			buildSettings = {
				ALWAYS_SEARCH_USER_PATHS = NO;
				CLANG_ANALYZER_NONNULL = YES;
				CLANG_ANALYZER_NUMBER_OBJECT_CONVERSION = YES_AGGRESSIVE;
				CLANG_CXX_LANGUAGE_STANDARD = "gnu++14";
				CLANG_CXX_LIBRARY = "libc++";
				CLANG_ENABLE_MODULES = YES;
				CLANG_ENABLE_OBJC_ARC = YES;
				CLANG_ENABLE_OBJC_WEAK = YES;
				CLANG_WARN_BLOCK_CAPTURE_AUTORELEASING = YES;
				CLANG_WARN_BOOL_CONVERSION = YES;
				CLANG_WARN_COMMA = YES;
				CLANG_WARN_CONSTANT_CONVERSION = YES;
				CLANG_WARN_DEPRECATED_OBJC_IMPLEMENTATIONS = YES;
				CLANG_WARN_DIRECT_OBJC_ISA_USAGE = YES_ERROR;
				CLANG_WARN_DOCUMENTATION_COMMENTS = YES;
				CLANG_WARN_EMPTY_BODY = YES;
				CLANG_WARN_ENUM_CONVERSION = YES;
				CLANG_WARN_INFINITE_RECURSION = YES;
				CLANG_WARN_INT_CONVERSION = YES;
				CLANG_WARN_NON_LITERAL_NULL_CONVERSION = YES;
				CLANG_WARN_OBJC_IMPLICIT_RETAIN_SELF = YES;
				CLANG_WARN_OBJC_LITERAL_CONVERSION = YES;
				CLANG_WARN_OBJC_ROOT_CLASS = YES_ERROR;
				CLANG_WARN_QUOTED_INCLUDE_IN_FRAMEWORK_HEADER = YES;
				CLANG_WARN_RANGE_LOOP_ANALYSIS = YES;
				CLANG_WARN_STRICT_PROTOTYPES = YES;
				CLANG_WARN_SUSPICIOUS_MOVE = YES;
				CLANG_WARN_UNGUARDED_AVAILABILITY = YES_AGGRESSIVE;
				CLANG_WARN_UNREACHABLE_CODE = YES;
				CLANG_WARN__DUPLICATE_METHOD_MATCH = YES;
				COPY_PHASE_STRIP = NO;
				DEBUG_INFORMATION_FORMAT = dwarf;
				ENABLE_STRICT_OBJC_MSGSEND = YES;
				ENABLE_TESTABILITY = YES;
				GCC_C_LANGUAGE_STANDARD = gnu11;
				GCC_DYNAMIC_NO_PIC = NO;
				GCC_NO_COMMON_BLOCKS = YES;
				GCC_OPTIMIZATION_LEVEL = 0;
				GCC_PREPROCESSOR_DEFINITIONS = (
					"DEBUG=1",
					"$(inherited)",
				);
				GCC_WARN_64_TO_32_BIT_CONVERSION = YES;
				GCC_WARN_ABOUT_RETURN_TYPE = YES_ERROR;
				GCC_WARN_UNDECLARED_SELECTOR = YES;
				GCC_WARN_UNINITIALIZED_AUTOS = YES_AGGRESSIVE;
				GCC_WARN_UNUSED_FUNCTION = YES;
				GCC_WARN_UNUSED_VARIABLE = YES;
				IPHONEOS_DEPLOYMENT_TARGET = 14.3;
				MTL_ENABLE_DEBUG_INFO = INCLUDE_SOURCE;
				MTL_FAST_MATH = YES;
				ONLY_ACTIVE_ARCH = YES;
				SDKROOT = iphoneos;
				SWIFT_ACTIVE_COMPILATION_CONDITIONS = DEBUG;
				SWIFT_OPTIMIZATION_LEVEL = "-Onone";
			};
			name = Debug;
		};
		98C66664259A1AE50056D2A8 /* Release */ = {
			isa = XCBuildConfiguration;
			buildSettings = {
				ALWAYS_SEARCH_USER_PATHS = NO;
				CLANG_ANALYZER_NONNULL = YES;
				CLANG_ANALYZER_NUMBER_OBJECT_CONVERSION = YES_AGGRESSIVE;
				CLANG_CXX_LANGUAGE_STANDARD = "gnu++14";
				CLANG_CXX_LIBRARY = "libc++";
				CLANG_ENABLE_MODULES = YES;
				CLANG_ENABLE_OBJC_ARC = YES;
				CLANG_ENABLE_OBJC_WEAK = YES;
				CLANG_WARN_BLOCK_CAPTURE_AUTORELEASING = YES;
				CLANG_WARN_BOOL_CONVERSION = YES;
				CLANG_WARN_COMMA = YES;
				CLANG_WARN_CONSTANT_CONVERSION = YES;
				CLANG_WARN_DEPRECATED_OBJC_IMPLEMENTATIONS = YES;
				CLANG_WARN_DIRECT_OBJC_ISA_USAGE = YES_ERROR;
				CLANG_WARN_DOCUMENTATION_COMMENTS = YES;
				CLANG_WARN_EMPTY_BODY = YES;
				CLANG_WARN_ENUM_CONVERSION = YES;
				CLANG_WARN_INFINITE_RECURSION = YES;
				CLANG_WARN_INT_CONVERSION = YES;
				CLANG_WARN_NON_LITERAL_NULL_CONVERSION = YES;
				CLANG_WARN_OBJC_IMPLICIT_RETAIN_SELF = YES;
				CLANG_WARN_OBJC_LITERAL_CONVERSION = YES;
				CLANG_WARN_OBJC_ROOT_CLASS = YES_ERROR;
				CLANG_WARN_QUOTED_INCLUDE_IN_FRAMEWORK_HEADER = YES;
				CLANG_WARN_RANGE_LOOP_ANALYSIS = YES;
				CLANG_WARN_STRICT_PROTOTYPES = YES;
				CLANG_WARN_SUSPICIOUS_MOVE = YES;
				CLANG_WARN_UNGUARDED_AVAILABILITY = YES_AGGRESSIVE;
				CLANG_WARN_UNREACHABLE_CODE = YES;
				CLANG_WARN__DUPLICATE_METHOD_MATCH = YES;
				COPY_PHASE_STRIP = NO;
				DEBUG_INFORMATION_FORMAT = "dwarf-with-dsym";
				ENABLE_NS_ASSERTIONS = NO;
				ENABLE_STRICT_OBJC_MSGSEND = YES;
				GCC_C_LANGUAGE_STANDARD = gnu11;
				GCC_NO_COMMON_BLOCKS = YES;
				GCC_WARN_64_TO_32_BIT_CONVERSION = YES;
				GCC_WARN_ABOUT_RETURN_TYPE = YES_ERROR;
				GCC_WARN_UNDECLARED_SELECTOR = YES;
				GCC_WARN_UNINITIALIZED_AUTOS = YES_AGGRESSIVE;
				GCC_WARN_UNUSED_FUNCTION = YES;
				GCC_WARN_UNUSED_VARIABLE = YES;
				IPHONEOS_DEPLOYMENT_TARGET = 14.3;
				MTL_ENABLE_DEBUG_INFO = NO;
				MTL_FAST_MATH = YES;
				SDKROOT = iphoneos;
				SWIFT_COMPILATION_MODE = wholemodule;
				SWIFT_OPTIMIZATION_LEVEL = "-O";
				VALIDATE_PRODUCT = YES;
			};
			name = Release;
		};
		98C66666259A1AE50056D2A8 /* Debug */ = {
			isa = XCBuildConfiguration;
			buildSettings = {
				ASSETCATALOG_COMPILER_APPICON_NAME = AppIcon;
				ASSETCATALOG_COMPILER_GLOBAL_ACCENT_COLOR_NAME = AccentColor;
				CODE_SIGN_STYLE = Automatic;
				DEVELOPMENT_ASSET_PATHS = "\"FrontNative/Preview Content\"";
				DEVELOPMENT_TEAM = W2NSPC4UA5;
				ENABLE_PREVIEWS = YES;
				INFOPLIST_FILE = FrontNative/Info.plist;
				IPHONEOS_DEPLOYMENT_TARGET = 14.0;
				LD_RUNPATH_SEARCH_PATHS = (
					"$(inherited)",
					"@executable_path/Frameworks",
				);
				PRODUCT_BUNDLE_IDENTIFIER = fumi.maejima1112.FrontNative;
				PRODUCT_NAME = "$(TARGET_NAME)";
				SWIFT_VERSION = 5.0;
				TARGETED_DEVICE_FAMILY = "1,2";
			};
			name = Debug;
		};
		98C66667259A1AE50056D2A8 /* Release */ = {
			isa = XCBuildConfiguration;
			buildSettings = {
				ASSETCATALOG_COMPILER_APPICON_NAME = AppIcon;
				ASSETCATALOG_COMPILER_GLOBAL_ACCENT_COLOR_NAME = AccentColor;
				CODE_SIGN_STYLE = Automatic;
				DEVELOPMENT_ASSET_PATHS = "\"FrontNative/Preview Content\"";
				DEVELOPMENT_TEAM = W2NSPC4UA5;
				ENABLE_PREVIEWS = YES;
				INFOPLIST_FILE = FrontNative/Info.plist;
				IPHONEOS_DEPLOYMENT_TARGET = 14.0;
				LD_RUNPATH_SEARCH_PATHS = (
					"$(inherited)",
					"@executable_path/Frameworks",
				);
				PRODUCT_BUNDLE_IDENTIFIER = fumi.maejima1112.FrontNative;
				PRODUCT_NAME = "$(TARGET_NAME)";
				SWIFT_VERSION = 5.0;
				TARGETED_DEVICE_FAMILY = "1,2";
			};
			name = Release;
		};
/* End XCBuildConfiguration section */

/* Begin XCConfigurationList section */
		98C66651259A1ADD0056D2A8 /* Build configuration list for PBXProject "FrontNative" */ = {
			isa = XCConfigurationList;
			buildConfigurations = (
				98C66663259A1AE50056D2A8 /* Debug */,
				98C66664259A1AE50056D2A8 /* Release */,
			);
			defaultConfigurationIsVisible = 0;
			defaultConfigurationName = Release;
		};
		98C66665259A1AE50056D2A8 /* Build configuration list for PBXNativeTarget "FrontNative" */ = {
			isa = XCConfigurationList;
			buildConfigurations = (
				98C66666259A1AE50056D2A8 /* Debug */,
				98C66667259A1AE50056D2A8 /* Release */,
			);
			defaultConfigurationIsVisible = 0;
			defaultConfigurationName = Release;
		};
/* End XCConfigurationList section */

/* Begin XCRemoteSwiftPackageReference section */
		982F197825B0454800383DA6 /* XCRemoteSwiftPackageReference "CodeScanner" */ = {
			isa = XCRemoteSwiftPackageReference;
			repositoryURL = "https://github.com/twostraws/CodeScanner";
			requirement = {
				kind = upToNextMajorVersion;
				minimumVersion = 1.0.7;
			};
		};
/* End XCRemoteSwiftPackageReference section */

/* Begin XCSwiftPackageProductDependency section */
		982F197925B0454800383DA6 /* CodeScanner */ = {
			isa = XCSwiftPackageProductDependency;
			package = 982F197825B0454800383DA6 /* XCRemoteSwiftPackageReference "CodeScanner" */;
			productName = CodeScanner;
		};
/* End XCSwiftPackageProductDependency section */
	};
	rootObject = 98C6664E259A1ADD0056D2A8 /* Project object */;
}
